// !$*UTF8*$!
{
	archiveVersion = 1;
	classes = {
	};
	objectVersion = 56;
	objects = {

/* Begin PBXBuildFile section */
		DB88E6662CFAE874002987F3 /* TodoSwiftUIApp.swift in Sources */ = {isa = PBXBuildFile; fileRef = DB88E6652CFAE874002987F3 /* TodoSwiftUIApp.swift */; };
		DB88E6682CFAE874002987F3 /* MainView.swift in Sources */ = {isa = PBXBuildFile; fileRef = DB88E6672CFAE874002987F3 /* MainView.swift */; };
		DB88E66A2CFAE876002987F3 /* Assets.xcassets in Resources */ = {isa = PBXBuildFile; fileRef = DB88E6692CFAE876002987F3 /* Assets.xcassets */; };
		DB88E66D2CFAE876002987F3 /* Preview Assets.xcassets in Resources */ = {isa = PBXBuildFile; fileRef = DB88E66C2CFAE876002987F3 /* Preview Assets.xcassets */; };
		DB88E6772CFAE876002987F3 /* TodoSwiftUITests.swift in Sources */ = {isa = PBXBuildFile; fileRef = DB88E6762CFAE876002987F3 /* TodoSwiftUITests.swift */; };
		DB88E6812CFAE876002987F3 /* TodoSwiftUIUITests.swift in Sources */ = {isa = PBXBuildFile; fileRef = DB88E6802CFAE876002987F3 /* TodoSwiftUIUITests.swift */; };
		DB88E6832CFAE876002987F3 /* TodoSwiftUIUITestsLaunchTests.swift in Sources */ = {isa = PBXBuildFile; fileRef = DB88E6822CFAE876002987F3 /* TodoSwiftUIUITestsLaunchTests.swift */; };
		DB88E6912CFAEF09002987F3 /* Menu.swift in Sources */ = {isa = PBXBuildFile; fileRef = DB88E6902CFAEF09002987F3 /* Menu.swift */; };
		DB88E6932CFAEF29002987F3 /* Order.swift in Sources */ = {isa = PBXBuildFile; fileRef = DB88E6922CFAEF29002987F3 /* Order.swift */; };
		DB88E6972CFAF37E002987F3 /* Database.xcdatamodeld in Sources */ = {isa = PBXBuildFile; fileRef = DB88E6952CFAF37E002987F3 /* Database.xcdatamodeld */; };
		DB88E6992CFAF3E2002987F3 /* DatabaseController.swift in Sources */ = {isa = PBXBuildFile; fileRef = DB88E6982CFAF3E2002987F3 /* DatabaseController.swift */; };
		DB88E69F2CFB01DB002987F3 /* AddFood.swift in Sources */ = {isa = PBXBuildFile; fileRef = DB88E69E2CFB01DB002987F3 /* AddFood.swift */; };
		DB88E6A12CFB0D83002987F3 /* FoodDetailView.swift in Sources */ = {isa = PBXBuildFile; fileRef = DB88E6A02CFB0D83002987F3 /* FoodDetailView.swift */; };
		DB88E6A32CFB14EF002987F3 /* EditFootView.swift in Sources */ = {isa = PBXBuildFile; fileRef = DB88E6A22CFB14EF002987F3 /* EditFootView.swift */; };
		DB8D0D6D2D02A3200058A95E /* TestLayout.swift in Sources */ = {isa = PBXBuildFile; fileRef = DB8D0D6C2D02A3200058A95E /* TestLayout.swift */; };
		DB8D0D722D02A4400058A95E /* TestLayoutViewModel.swift in Sources */ = {isa = PBXBuildFile; fileRef = DB8D0D712D02A4400058A95E /* TestLayoutViewModel.swift */; };
		DB8D0D752D02A5AB0058A95E /* Setting.swift in Sources */ = {isa = PBXBuildFile; fileRef = DB8D0D742D02A5AB0058A95E /* Setting.swift */; };
/* End PBXBuildFile section */

/* Begin PBXContainerItemProxy section */
		DB88E6732CFAE876002987F3 /* PBXContainerItemProxy */ = {
			isa = PBXContainerItemProxy;
			containerPortal = DB88E65A2CFAE874002987F3 /* Project object */;
			proxyType = 1;
			remoteGlobalIDString = DB88E6612CFAE874002987F3;
			remoteInfo = TodoSwiftUI;
		};
		DB88E67D2CFAE876002987F3 /* PBXContainerItemProxy */ = {
			isa = PBXContainerItemProxy;
			containerPortal = DB88E65A2CFAE874002987F3 /* Project object */;
			proxyType = 1;
			remoteGlobalIDString = DB88E6612CFAE874002987F3;
			remoteInfo = TodoSwiftUI;
		};
/* End PBXContainerItemProxy section */

/* Begin PBXFileReference section */
		DB88E6622CFAE874002987F3 /* TodoSwiftUI.app */ = {isa = PBXFileReference; explicitFileType = wrapper.application; includeInIndex = 0; path = TodoSwiftUI.app; sourceTree = BUILT_PRODUCTS_DIR; };
		DB88E6652CFAE874002987F3 /* TodoSwiftUIApp.swift */ = {isa = PBXFileReference; lastKnownFileType = sourcecode.swift; path = TodoSwiftUIApp.swift; sourceTree = "<group>"; };
		DB88E6672CFAE874002987F3 /* MainView.swift */ = {isa = PBXFileReference; lastKnownFileType = sourcecode.swift; path = MainView.swift; sourceTree = "<group>"; };
		DB88E6692CFAE876002987F3 /* Assets.xcassets */ = {isa = PBXFileReference; lastKnownFileType = folder.assetcatalog; path = Assets.xcassets; sourceTree = "<group>"; };
		DB88E66C2CFAE876002987F3 /* Preview Assets.xcassets */ = {isa = PBXFileReference; lastKnownFileType = folder.assetcatalog; path = "Preview Assets.xcassets"; sourceTree = "<group>"; };
		DB88E6722CFAE876002987F3 /* TodoSwiftUITests.xctest */ = {isa = PBXFileReference; explicitFileType = wrapper.cfbundle; includeInIndex = 0; path = TodoSwiftUITests.xctest; sourceTree = BUILT_PRODUCTS_DIR; };
		DB88E6762CFAE876002987F3 /* TodoSwiftUITests.swift */ = {isa = PBXFileReference; lastKnownFileType = sourcecode.swift; path = TodoSwiftUITests.swift; sourceTree = "<group>"; };
		DB88E67C2CFAE876002987F3 /* TodoSwiftUIUITests.xctest */ = {isa = PBXFileReference; explicitFileType = wrapper.cfbundle; includeInIndex = 0; path = TodoSwiftUIUITests.xctest; sourceTree = BUILT_PRODUCTS_DIR; };
		DB88E6802CFAE876002987F3 /* TodoSwiftUIUITests.swift */ = {isa = PBXFileReference; lastKnownFileType = sourcecode.swift; path = TodoSwiftUIUITests.swift; sourceTree = "<group>"; };
		DB88E6822CFAE876002987F3 /* TodoSwiftUIUITestsLaunchTests.swift */ = {isa = PBXFileReference; lastKnownFileType = sourcecode.swift; path = TodoSwiftUIUITestsLaunchTests.swift; sourceTree = "<group>"; };
		DB88E6902CFAEF09002987F3 /* Menu.swift */ = {isa = PBXFileReference; lastKnownFileType = sourcecode.swift; path = Menu.swift; sourceTree = "<group>"; };
		DB88E6922CFAEF29002987F3 /* Order.swift */ = {isa = PBXFileReference; lastKnownFileType = sourcecode.swift; path = Order.swift; sourceTree = "<group>"; };
		DB88E6962CFAF37E002987F3 /* Database.xcdatamodel */ = {isa = PBXFileReference; lastKnownFileType = wrapper.xcdatamodel; path = Database.xcdatamodel; sourceTree = "<group>"; };
		DB88E6982CFAF3E2002987F3 /* DatabaseController.swift */ = {isa = PBXFileReference; lastKnownFileType = sourcecode.swift; path = DatabaseController.swift; sourceTree = "<group>"; };
		DB88E69E2CFB01DB002987F3 /* AddFood.swift */ = {isa = PBXFileReference; lastKnownFileType = sourcecode.swift; path = AddFood.swift; sourceTree = "<group>"; };
		DB88E6A02CFB0D83002987F3 /* FoodDetailView.swift */ = {isa = PBXFileReference; lastKnownFileType = sourcecode.swift; path = FoodDetailView.swift; sourceTree = "<group>"; };
		DB88E6A22CFB14EF002987F3 /* EditFootView.swift */ = {isa = PBXFileReference; lastKnownFileType = sourcecode.swift; path = EditFootView.swift; sourceTree = "<group>"; };
		DB8D0D6C2D02A3200058A95E /* TestLayout.swift */ = {isa = PBXFileReference; lastKnownFileType = sourcecode.swift; path = TestLayout.swift; sourceTree = "<group>"; };
		DB8D0D712D02A4400058A95E /* TestLayoutViewModel.swift */ = {isa = PBXFileReference; lastKnownFileType = sourcecode.swift; path = TestLayoutViewModel.swift; sourceTree = "<group>"; };
		DB8D0D742D02A5AB0058A95E /* Setting.swift */ = {isa = PBXFileReference; lastKnownFileType = sourcecode.swift; path = Setting.swift; sourceTree = "<group>"; };
/* End PBXFileReference section */

/* Begin PBXFrameworksBuildPhase section */
		DB88E65F2CFAE874002987F3 /* Frameworks */ = {
			isa = PBXFrameworksBuildPhase;
			buildActionMask = 2147483647;
			files = (
			);
			runOnlyForDeploymentPostprocessing = 0;
		};
		DB88E66F2CFAE876002987F3 /* Frameworks */ = {
			isa = PBXFrameworksBuildPhase;
			buildActionMask = 2147483647;
			files = (
			);
			runOnlyForDeploymentPostprocessing = 0;
		};
		DB88E6792CFAE876002987F3 /* Frameworks */ = {
			isa = PBXFrameworksBuildPhase;
			buildActionMask = 2147483647;
			files = (
			);
			runOnlyForDeploymentPostprocessing = 0;
		};
/* End PBXFrameworksBuildPhase section */

/* Begin PBXGroup section */
		DB88E6592CFAE874002987F3 = {
			isa = PBXGroup;
			children = (
				DB88E6642CFAE874002987F3 /* TodoSwiftUI */,
				DB88E6752CFAE876002987F3 /* TodoSwiftUITests */,
				DB88E67F2CFAE876002987F3 /* TodoSwiftUIUITests */,
				DB88E6632CFAE874002987F3 /* Products */,
			);
			sourceTree = "<group>";
		};
		DB88E6632CFAE874002987F3 /* Products */ = {
			isa = PBXGroup;
			children = (
				DB88E6622CFAE874002987F3 /* TodoSwiftUI.app */,
				DB88E6722CFAE876002987F3 /* TodoSwiftUITests.xctest */,
				DB88E67C2CFAE876002987F3 /* TodoSwiftUIUITests.xctest */,
			);
			name = Products;
			sourceTree = "<group>";
		};
		DB88E6642CFAE874002987F3 /* TodoSwiftUI */ = {
			isa = PBXGroup;
			children = (
				DB88E69D2CFB01D2002987F3 /* Modal */,
				DB88E6942CFAF333002987F3 /* Database */,
				DB88E68F2CFAEA80002987F3 /* AppView */,
				DB88E6652CFAE874002987F3 /* TodoSwiftUIApp.swift */,
				DB88E6692CFAE876002987F3 /* Assets.xcassets */,
				DB88E66B2CFAE876002987F3 /* Preview Content */,
			);
			path = TodoSwiftUI;
			sourceTree = "<group>";
		};
		DB88E66B2CFAE876002987F3 /* Preview Content */ = {
			isa = PBXGroup;
			children = (
				DB88E66C2CFAE876002987F3 /* Preview Assets.xcassets */,
			);
			path = "Preview Content";
			sourceTree = "<group>";
		};
		DB88E6752CFAE876002987F3 /* TodoSwiftUITests */ = {
			isa = PBXGroup;
			children = (
				DB88E6762CFAE876002987F3 /* TodoSwiftUITests.swift */,
			);
			path = TodoSwiftUITests;
			sourceTree = "<group>";
		};
		DB88E67F2CFAE876002987F3 /* TodoSwiftUIUITests */ = {
			isa = PBXGroup;
			children = (
				DB88E6802CFAE876002987F3 /* TodoSwiftUIUITests.swift */,
				DB88E6822CFAE876002987F3 /* TodoSwiftUIUITestsLaunchTests.swift */,
			);
			path = TodoSwiftUIUITests;
			sourceTree = "<group>";
		};
		DB88E68F2CFAEA80002987F3 /* AppView */ = {
			isa = PBXGroup;
			children = (
				DB8D0D732D02A5A40058A95E /* Setting */,
				DB8D0D702D02A4310058A95E /* TestLayout */,
				DB8D0D6F2D02A4290058A95E /* Order */,
				DB8D0D6E2D02A4210058A95E /* Menu */,
				DB88E6672CFAE874002987F3 /* MainView.swift */,
			);
			path = AppView;
			sourceTree = "<group>";
		};
		DB88E6942CFAF333002987F3 /* Database */ = {
			isa = PBXGroup;
			children = (
				DB88E6952CFAF37E002987F3 /* Database.xcdatamodeld */,
				DB88E6982CFAF3E2002987F3 /* DatabaseController.swift */,
			);
			path = Database;
			sourceTree = "<group>";
		};
		DB88E69D2CFB01D2002987F3 /* Modal */ = {
			isa = PBXGroup;
			children = (
				DB88E69E2CFB01DB002987F3 /* AddFood.swift */,
				DB88E6A02CFB0D83002987F3 /* FoodDetailView.swift */,
				DB88E6A22CFB14EF002987F3 /* EditFootView.swift */,
			);
			path = Modal;
			sourceTree = "<group>";
		};
		DB8D0D6E2D02A4210058A95E /* Menu */ = {
			isa = PBXGroup;
			children = (
				DB88E6902CFAEF09002987F3 /* Menu.swift */,
			);
			path = Menu;
			sourceTree = "<group>";
		};
		DB8D0D6F2D02A4290058A95E /* Order */ = {
			isa = PBXGroup;
			children = (
				DB88E6922CFAEF29002987F3 /* Order.swift */,
			);
			path = Order;
			sourceTree = "<group>";
		};
		DB8D0D702D02A4310058A95E /* TestLayout */ = {
			isa = PBXGroup;
			children = (
				DB8D0D6C2D02A3200058A95E /* TestLayout.swift */,
				DB8D0D712D02A4400058A95E /* TestLayoutViewModel.swift */,
			);
			path = TestLayout;
			sourceTree = "<group>";
		};
		DB8D0D732D02A5A40058A95E /* Setting */ = {
			isa = PBXGroup;
			children = (
				DB8D0D742D02A5AB0058A95E /* Setting.swift */,
			);
			path = Setting;
			sourceTree = "<group>";
		};
/* End PBXGroup section */

/* Begin PBXNativeTarget section */
		DB88E6612CFAE874002987F3 /* TodoSwiftUI */ = {
			isa = PBXNativeTarget;
			buildConfigurationList = DB88E6862CFAE876002987F3 /* Build configuration list for PBXNativeTarget "TodoSwiftUI" */;
			buildPhases = (
				DB88E65E2CFAE874002987F3 /* Sources */,
				DB88E65F2CFAE874002987F3 /* Frameworks */,
				DB88E6602CFAE874002987F3 /* Resources */,
			);
			buildRules = (
			);
			dependencies = (
			);
			name = TodoSwiftUI;
			productName = TodoSwiftUI;
			productReference = DB88E6622CFAE874002987F3 /* TodoSwiftUI.app */;
			productType = "com.apple.product-type.application";
		};
		DB88E6712CFAE876002987F3 /* TodoSwiftUITests */ = {
			isa = PBXNativeTarget;
			buildConfigurationList = DB88E6892CFAE876002987F3 /* Build configuration list for PBXNativeTarget "TodoSwiftUITests" */;
			buildPhases = (
				DB88E66E2CFAE876002987F3 /* Sources */,
				DB88E66F2CFAE876002987F3 /* Frameworks */,
				DB88E6702CFAE876002987F3 /* Resources */,
			);
			buildRules = (
			);
			dependencies = (
				DB88E6742CFAE876002987F3 /* PBXTargetDependency */,
			);
			name = TodoSwiftUITests;
			productName = TodoSwiftUITests;
			productReference = DB88E6722CFAE876002987F3 /* TodoSwiftUITests.xctest */;
			productType = "com.apple.product-type.bundle.unit-test";
		};
		DB88E67B2CFAE876002987F3 /* TodoSwiftUIUITests */ = {
			isa = PBXNativeTarget;
			buildConfigurationList = DB88E68C2CFAE876002987F3 /* Build configuration list for PBXNativeTarget "TodoSwiftUIUITests" */;
			buildPhases = (
				DB88E6782CFAE876002987F3 /* Sources */,
				DB88E6792CFAE876002987F3 /* Frameworks */,
				DB88E67A2CFAE876002987F3 /* Resources */,
			);
			buildRules = (
			);
			dependencies = (
				DB88E67E2CFAE876002987F3 /* PBXTargetDependency */,
			);
			name = TodoSwiftUIUITests;
			productName = TodoSwiftUIUITests;
			productReference = DB88E67C2CFAE876002987F3 /* TodoSwiftUIUITests.xctest */;
			productType = "com.apple.product-type.bundle.ui-testing";
		};
/* End PBXNativeTarget section */

/* Begin PBXProject section */
		DB88E65A2CFAE874002987F3 /* Project object */ = {
			isa = PBXProject;
			attributes = {
				BuildIndependentTargetsInParallel = 1;
				LastSwiftUpdateCheck = 1540;
				LastUpgradeCheck = 1540;
				TargetAttributes = {
					DB88E6612CFAE874002987F3 = {
						CreatedOnToolsVersion = 15.4;
					};
					DB88E6712CFAE876002987F3 = {
						CreatedOnToolsVersion = 15.4;
						TestTargetID = DB88E6612CFAE874002987F3;
					};
					DB88E67B2CFAE876002987F3 = {
						CreatedOnToolsVersion = 15.4;
						TestTargetID = DB88E6612CFAE874002987F3;
					};
				};
			};
			buildConfigurationList = DB88E65D2CFAE874002987F3 /* Build configuration list for PBXProject "TodoSwiftUI" */;
			compatibilityVersion = "Xcode 14.0";
			developmentRegion = en;
			hasScannedForEncodings = 0;
			knownRegions = (
				en,
				Base,
			);
			mainGroup = DB88E6592CFAE874002987F3;
			productRefGroup = DB88E6632CFAE874002987F3 /* Products */;
			projectDirPath = "";
			projectRoot = "";
			targets = (
				DB88E6612CFAE874002987F3 /* TodoSwiftUI */,
				DB88E6712CFAE876002987F3 /* TodoSwiftUITests */,
				DB88E67B2CFAE876002987F3 /* TodoSwiftUIUITests */,
			);
		};
/* End PBXProject section */

/* Begin PBXResourcesBuildPhase section */
		DB88E6602CFAE874002987F3 /* Resources */ = {
			isa = PBXResourcesBuildPhase;
			buildActionMask = 2147483647;
			files = (
				DB88E66D2CFAE876002987F3 /* Preview Assets.xcassets in Resources */,
				DB88E66A2CFAE876002987F3 /* Assets.xcassets in Resources */,
			);
			runOnlyForDeploymentPostprocessing = 0;
		};
		DB88E6702CFAE876002987F3 /* Resources */ = {
			isa = PBXResourcesBuildPhase;
			buildActionMask = 2147483647;
			files = (
			);
			runOnlyForDeploymentPostprocessing = 0;
		};
		DB88E67A2CFAE876002987F3 /* Resources */ = {
			isa = PBXResourcesBuildPhase;
			buildActionMask = 2147483647;
			files = (
			);
			runOnlyForDeploymentPostprocessing = 0;
		};
/* End PBXResourcesBuildPhase section */

/* Begin PBXSourcesBuildPhase section */
		DB88E65E2CFAE874002987F3 /* Sources */ = {
			isa = PBXSourcesBuildPhase;
			buildActionMask = 2147483647;
			files = (
				DB8D0D722D02A4400058A95E /* TestLayoutViewModel.swift in Sources */,
				DB88E6912CFAEF09002987F3 /* Menu.swift in Sources */,
				DB8D0D752D02A5AB0058A95E /* Setting.swift in Sources */,
				DB8D0D6D2D02A3200058A95E /* TestLayout.swift in Sources */,
				DB88E69F2CFB01DB002987F3 /* AddFood.swift in Sources */,
				DB88E6A12CFB0D83002987F3 /* FoodDetailView.swift in Sources */,
				DB88E6972CFAF37E002987F3 /* Database.xcdatamodeld in Sources */,
				DB88E6A32CFB14EF002987F3 /* EditFootView.swift in Sources */,
				DB88E6992CFAF3E2002987F3 /* DatabaseController.swift in Sources */,
				DB88E6682CFAE874002987F3 /* MainView.swift in Sources */,
				DB88E6932CFAEF29002987F3 /* Order.swift in Sources */,
				DB88E6662CFAE874002987F3 /* TodoSwiftUIApp.swift in Sources */,
			);
			runOnlyForDeploymentPostprocessing = 0;
		};
		DB88E66E2CFAE876002987F3 /* Sources */ = {
			isa = PBXSourcesBuildPhase;
			buildActionMask = 2147483647;
			files = (
				DB88E6772CFAE876002987F3 /* TodoSwiftUITests.swift in Sources */,
			);
			runOnlyForDeploymentPostprocessing = 0;
		};
		DB88E6782CFAE876002987F3 /* Sources */ = {
			isa = PBXSourcesBuildPhase;
			buildActionMask = 2147483647;
			files = (
				DB88E6832CFAE876002987F3 /* TodoSwiftUIUITestsLaunchTests.swift in Sources */,
				DB88E6812CFAE876002987F3 /* TodoSwiftUIUITests.swift in Sources */,
			);
			runOnlyForDeploymentPostprocessing = 0;
		};
/* End PBXSourcesBuildPhase section */

/* Begin PBXTargetDependency section */
		DB88E6742CFAE876002987F3 /* PBXTargetDependency */ = {
			isa = PBXTargetDependency;
			target = DB88E6612CFAE874002987F3 /* TodoSwiftUI */;
			targetProxy = DB88E6732CFAE876002987F3 /* PBXContainerItemProxy */;
		};
		DB88E67E2CFAE876002987F3 /* PBXTargetDependency */ = {
			isa = PBXTargetDependency;
			target = DB88E6612CFAE874002987F3 /* TodoSwiftUI */;
			targetProxy = DB88E67D2CFAE876002987F3 /* PBXContainerItemProxy */;
		};
/* End PBXTargetDependency section */

/* Begin XCBuildConfiguration section */
		DB88E6842CFAE876002987F3 /* Debug */ = {
			isa = XCBuildConfiguration;
			buildSettings = {
				ALWAYS_SEARCH_USER_PATHS = NO;
				ASSETCATALOG_COMPILER_GENERATE_SWIFT_ASSET_SYMBOL_EXTENSIONS = YES;
				CLANG_ANALYZER_NONNULL = YES;
				CLANG_ANALYZER_NUMBER_OBJECT_CONVERSION = YES_AGGRESSIVE;
				CLANG_CXX_LANGUAGE_STANDARD = "gnu++20";
				CLANG_ENABLE_MODULES = YES;
				CLANG_ENABLE_OBJC_ARC = YES;
				CLANG_ENABLE_OBJC_WEAK = YES;
				CLANG_WARN_BLOCK_CAPTURE_AUTORELEASING = YES;
				CLANG_WARN_BOOL_CONVERSION = YES;
				CLANG_WARN_COMMA = YES;
				CLANG_WARN_CONSTANT_CONVERSION = YES;
				CLANG_WARN_DEPRECATED_OBJC_IMPLEMENTATIONS = YES;
				CLANG_WARN_DIRECT_OBJC_ISA_USAGE = YES_ERROR;
				CLANG_WARN_DOCUMENTATION_COMMENTS = YES;
				CLANG_WARN_EMPTY_BODY = YES;
				CLANG_WARN_ENUM_CONVERSION = YES;
				CLANG_WARN_INFINITE_RECURSION = YES;
				CLANG_WARN_INT_CONVERSION = YES;
				CLANG_WARN_NON_LITERAL_NULL_CONVERSION = YES;
				CLANG_WARN_OBJC_IMPLICIT_RETAIN_SELF = YES;
				CLANG_WARN_OBJC_LITERAL_CONVERSION = YES;
				CLANG_WARN_OBJC_ROOT_CLASS = YES_ERROR;
				CLANG_WARN_QUOTED_INCLUDE_IN_FRAMEWORK_HEADER = YES;
				CLANG_WARN_RANGE_LOOP_ANALYSIS = YES;
				CLANG_WARN_STRICT_PROTOTYPES = YES;
				CLANG_WARN_SUSPICIOUS_MOVE = YES;
				CLANG_WARN_UNGUARDED_AVAILABILITY = YES_AGGRESSIVE;
				CLANG_WARN_UNREACHABLE_CODE = YES;
				CLANG_WARN__DUPLICATE_METHOD_MATCH = YES;
				COPY_PHASE_STRIP = NO;
				DEBUG_INFORMATION_FORMAT = dwarf;
				ENABLE_STRICT_OBJC_MSGSEND = YES;
				ENABLE_TESTABILITY = YES;
				ENABLE_USER_SCRIPT_SANDBOXING = YES;
				GCC_C_LANGUAGE_STANDARD = gnu17;
				GCC_DYNAMIC_NO_PIC = NO;
				GCC_NO_COMMON_BLOCKS = YES;
				GCC_OPTIMIZATION_LEVEL = 0;
				GCC_PREPROCESSOR_DEFINITIONS = (
					"DEBUG=1",
					"$(inherited)",
				);
				GCC_WARN_64_TO_32_BIT_CONVERSION = YES;
				GCC_WARN_ABOUT_RETURN_TYPE = YES_ERROR;
				GCC_WARN_UNDECLARED_SELECTOR = YES;
				GCC_WARN_UNINITIALIZED_AUTOS = YES_AGGRESSIVE;
				GCC_WARN_UNUSED_FUNCTION = YES;
				GCC_WARN_UNUSED_VARIABLE = YES;
				IPHONEOS_DEPLOYMENT_TARGET = 17.5;
				LOCALIZATION_PREFERS_STRING_CATALOGS = YES;
				MTL_ENABLE_DEBUG_INFO = INCLUDE_SOURCE;
				MTL_FAST_MATH = YES;
				ONLY_ACTIVE_ARCH = YES;
				SDKROOT = iphoneos;
				SWIFT_ACTIVE_COMPILATION_CONDITIONS = "DEBUG $(inherited)";
				SWIFT_OPTIMIZATION_LEVEL = "-Onone";
			};
			name = Debug;
		};
		DB88E6852CFAE876002987F3 /* Release */ = {
			isa = XCBuildConfiguration;
			buildSettings = {
				ALWAYS_SEARCH_USER_PATHS = NO;
				ASSETCATALOG_COMPILER_GENERATE_SWIFT_ASSET_SYMBOL_EXTENSIONS = YES;
				CLANG_ANALYZER_NONNULL = YES;
				CLANG_ANALYZER_NUMBER_OBJECT_CONVERSION = YES_AGGRESSIVE;
				CLANG_CXX_LANGUAGE_STANDARD = "gnu++20";
				CLANG_ENABLE_MODULES = YES;
				CLANG_ENABLE_OBJC_ARC = YES;
				CLANG_ENABLE_OBJC_WEAK = YES;
				CLANG_WARN_BLOCK_CAPTURE_AUTORELEASING = YES;
				CLANG_WARN_BOOL_CONVERSION = YES;
				CLANG_WARN_COMMA = YES;
				CLANG_WARN_CONSTANT_CONVERSION = YES;
				CLANG_WARN_DEPRECATED_OBJC_IMPLEMENTATIONS = YES;
				CLANG_WARN_DIRECT_OBJC_ISA_USAGE = YES_ERROR;
				CLANG_WARN_DOCUMENTATION_COMMENTS = YES;
				CLANG_WARN_EMPTY_BODY = YES;
				CLANG_WARN_ENUM_CONVERSION = YES;
				CLANG_WARN_INFINITE_RECURSION = YES;
				CLANG_WARN_INT_CONVERSION = YES;
				CLANG_WARN_NON_LITERAL_NULL_CONVERSION = YES;
				CLANG_WARN_OBJC_IMPLICIT_RETAIN_SELF = YES;
				CLANG_WARN_OBJC_LITERAL_CONVERSION = YES;
				CLANG_WARN_OBJC_ROOT_CLASS = YES_ERROR;
				CLANG_WARN_QUOTED_INCLUDE_IN_FRAMEWORK_HEADER = YES;
				CLANG_WARN_RANGE_LOOP_ANALYSIS = YES;
				CLANG_WARN_STRICT_PROTOTYPES = YES;
				CLANG_WARN_SUSPICIOUS_MOVE = YES;
				CLANG_WARN_UNGUARDED_AVAILABILITY = YES_AGGRESSIVE;
				CLANG_WARN_UNREACHABLE_CODE = YES;
				CLANG_WARN__DUPLICATE_METHOD_MATCH = YES;
				COPY_PHASE_STRIP = NO;
				DEBUG_INFORMATION_FORMAT = "dwarf-with-dsym";
				ENABLE_NS_ASSERTIONS = NO;
				ENABLE_STRICT_OBJC_MSGSEND = YES;
				ENABLE_USER_SCRIPT_SANDBOXING = YES;
				GCC_C_LANGUAGE_STANDARD = gnu17;
				GCC_NO_COMMON_BLOCKS = YES;
				GCC_WARN_64_TO_32_BIT_CONVERSION = YES;
				GCC_WARN_ABOUT_RETURN_TYPE = YES_ERROR;
				GCC_WARN_UNDECLARED_SELECTOR = YES;
				GCC_WARN_UNINITIALIZED_AUTOS = YES_AGGRESSIVE;
				GCC_WARN_UNUSED_FUNCTION = YES;
				GCC_WARN_UNUSED_VARIABLE = YES;
				IPHONEOS_DEPLOYMENT_TARGET = 17.5;
				LOCALIZATION_PREFERS_STRING_CATALOGS = YES;
				MTL_ENABLE_DEBUG_INFO = NO;
				MTL_FAST_MATH = YES;
				SDKROOT = iphoneos;
				SWIFT_COMPILATION_MODE = wholemodule;
				VALIDATE_PRODUCT = YES;
			};
			name = Release;
		};
		DB88E6872CFAE876002987F3 /* Debug */ = {
			isa = XCBuildConfiguration;
			buildSettings = {
				ASSETCATALOG_COMPILER_APPICON_NAME = AppIcon;
				ASSETCATALOG_COMPILER_GLOBAL_ACCENT_COLOR_NAME = AccentColor;
				CODE_SIGN_STYLE = Automatic;
				CURRENT_PROJECT_VERSION = 1;
				DEVELOPMENT_ASSET_PATHS = "\"TodoSwiftUI/Preview Content\"";
				DEVELOPMENT_TEAM = 4872X7XRRC;
				ENABLE_PREVIEWS = YES;
				GENERATE_INFOPLIST_FILE = YES;
				INFOPLIST_KEY_UIApplicationSceneManifest_Generation = YES;
				INFOPLIST_KEY_UIApplicationSupportsIndirectInputEvents = YES;
				INFOPLIST_KEY_UILaunchScreen_Generation = YES;
				INFOPLIST_KEY_UISupportedInterfaceOrientations_iPad = "UIInterfaceOrientationPortrait UIInterfaceOrientationPortraitUpsideDown UIInterfaceOrientationLandscapeLeft UIInterfaceOrientationLandscapeRight";
				INFOPLIST_KEY_UISupportedInterfaceOrientations_iPhone = "UIInterfaceOrientationPortrait UIInterfaceOrientationLandscapeLeft UIInterfaceOrientationLandscapeRight";
				LD_RUNPATH_SEARCH_PATHS = (
					"$(inherited)",
					"@executable_path/Frameworks",
				);
				MARKETING_VERSION = 1.0;
				PRODUCT_BUNDLE_IDENTIFIER = com.qh.bluetooth.TodoSwiftUI;
				PRODUCT_NAME = "$(TARGET_NAME)";
				SWIFT_EMIT_LOC_STRINGS = YES;
				SWIFT_VERSION = 5.0;
				TARGETED_DEVICE_FAMILY = "1,2";
			};
			name = Debug;
		};
		DB88E6882CFAE876002987F3 /* Release */ = {
			isa = XCBuildConfiguration;
			buildSettings = {
				ASSETCATALOG_COMPILER_APPICON_NAME = AppIcon;
				ASSETCATALOG_COMPILER_GLOBAL_ACCENT_COLOR_NAME = AccentColor;
				CODE_SIGN_STYLE = Automatic;
				CURRENT_PROJECT_VERSION = 1;
				DEVELOPMENT_ASSET_PATHS = "\"TodoSwiftUI/Preview Content\"";
				DEVELOPMENT_TEAM = 4872X7XRRC;
				ENABLE_PREVIEWS = YES;
				GENERATE_INFOPLIST_FILE = YES;
				INFOPLIST_KEY_UIApplicationSceneManifest_Generation = YES;
				INFOPLIST_KEY_UIApplicationSupportsIndirectInputEvents = YES;
				INFOPLIST_KEY_UILaunchScreen_Generation = YES;
				INFOPLIST_KEY_UISupportedInterfaceOrientations_iPad = "UIInterfaceOrientationPortrait UIInterfaceOrientationPortraitUpsideDown UIInterfaceOrientationLandscapeLeft UIInterfaceOrientationLandscapeRight";
				INFOPLIST_KEY_UISupportedInterfaceOrientations_iPhone = "UIInterfaceOrientationPortrait UIInterfaceOrientationLandscapeLeft UIInterfaceOrientationLandscapeRight";
				LD_RUNPATH_SEARCH_PATHS = (
					"$(inherited)",
					"@executable_path/Frameworks",
				);
				MARKETING_VERSION = 1.0;
				PRODUCT_BUNDLE_IDENTIFIER = com.qh.bluetooth.TodoSwiftUI;
				PRODUCT_NAME = "$(TARGET_NAME)";
				SWIFT_EMIT_LOC_STRINGS = YES;
				SWIFT_VERSION = 5.0;
				TARGETED_DEVICE_FAMILY = "1,2";
			};
			name = Release;
		};
		DB88E68A2CFAE876002987F3 /* Debug */ = {
			isa = XCBuildConfiguration;
			buildSettings = {
				ALWAYS_EMBED_SWIFT_STANDARD_LIBRARIES = YES;
				BUNDLE_LOADER = "$(TEST_HOST)";
				CODE_SIGN_STYLE = Automatic;
				CURRENT_PROJECT_VERSION = 1;
				DEVELOPMENT_TEAM = 4872X7XRRC;
				GENERATE_INFOPLIST_FILE = YES;
				IPHONEOS_DEPLOYMENT_TARGET = 17.5;
				MARKETING_VERSION = 1.0;
				PRODUCT_BUNDLE_IDENTIFIER = com.qh.bluetooth.TodoSwiftUITests;
				PRODUCT_NAME = "$(TARGET_NAME)";
				SWIFT_EMIT_LOC_STRINGS = NO;
				SWIFT_VERSION = 5.0;
				TARGETED_DEVICE_FAMILY = "1,2";
				TEST_HOST = "$(BUILT_PRODUCTS_DIR)/TodoSwiftUI.app/$(BUNDLE_EXECUTABLE_FOLDER_PATH)/TodoSwiftUI";
			};
			name = Debug;
		};
		DB88E68B2CFAE876002987F3 /* Release */ = {
			isa = XCBuildConfiguration;
			buildSettings = {
				ALWAYS_EMBED_SWIFT_STANDARD_LIBRARIES = YES;
				BUNDLE_LOADER = "$(TEST_HOST)";
				CODE_SIGN_STYLE = Automatic;
				CURRENT_PROJECT_VERSION = 1;
				DEVELOPMENT_TEAM = 4872X7XRRC;
				GENERATE_INFOPLIST_FILE = YES;
				IPHONEOS_DEPLOYMENT_TARGET = 17.5;
				MARKETING_VERSION = 1.0;
				PRODUCT_BUNDLE_IDENTIFIER = com.qh.bluetooth.TodoSwiftUITests;
				PRODUCT_NAME = "$(TARGET_NAME)";
				SWIFT_EMIT_LOC_STRINGS = NO;
				SWIFT_VERSION = 5.0;
				TARGETED_DEVICE_FAMILY = "1,2";
				TEST_HOST = "$(BUILT_PRODUCTS_DIR)/TodoSwiftUI.app/$(BUNDLE_EXECUTABLE_FOLDER_PATH)/TodoSwiftUI";
			};
			name = Release;
		};
		DB88E68D2CFAE876002987F3 /* Debug */ = {
			isa = XCBuildConfiguration;
			buildSettings = {
				ALWAYS_EMBED_SWIFT_STANDARD_LIBRARIES = YES;
				CODE_SIGN_STYLE = Automatic;
				CURRENT_PROJECT_VERSION = 1;
				DEVELOPMENT_TEAM = 4872X7XRRC;
				GENERATE_INFOPLIST_FILE = YES;
				MARKETING_VERSION = 1.0;
				PRODUCT_BUNDLE_IDENTIFIER = com.qh.bluetooth.TodoSwiftUIUITests;
				PRODUCT_NAME = "$(TARGET_NAME)";
				SWIFT_EMIT_LOC_STRINGS = NO;
				SWIFT_VERSION = 5.0;
				TARGETED_DEVICE_FAMILY = "1,2";
				TEST_TARGET_NAME = TodoSwiftUI;
			};
			name = Debug;
		};
		DB88E68E2CFAE876002987F3 /* Release */ = {
			isa = XCBuildConfiguration;
			buildSettings = {
				ALWAYS_EMBED_SWIFT_STANDARD_LIBRARIES = YES;
				CODE_SIGN_STYLE = Automatic;
				CURRENT_PROJECT_VERSION = 1;
				DEVELOPMENT_TEAM = 4872X7XRRC;
				GENERATE_INFOPLIST_FILE = YES;
				MARKETING_VERSION = 1.0;
				PRODUCT_BUNDLE_IDENTIFIER = com.qh.bluetooth.TodoSwiftUIUITests;
				PRODUCT_NAME = "$(TARGET_NAME)";
				SWIFT_EMIT_LOC_STRINGS = NO;
				SWIFT_VERSION = 5.0;
				TARGETED_DEVICE_FAMILY = "1,2";
				TEST_TARGET_NAME = TodoSwiftUI;
			};
			name = Release;
		};
/* End XCBuildConfiguration section */

/* Begin XCConfigurationList section */
		DB88E65D2CFAE874002987F3 /* Build configuration list for PBXProject "TodoSwiftUI" */ = {
			isa = XCConfigurationList;
			buildConfigurations = (
				DB88E6842CFAE876002987F3 /* Debug */,
				DB88E6852CFAE876002987F3 /* Release */,
			);
			defaultConfigurationIsVisible = 0;
			defaultConfigurationName = Release;
		};
		DB88E6862CFAE876002987F3 /* Build configuration list for PBXNativeTarget "TodoSwiftUI" */ = {
			isa = XCConfigurationList;
			buildConfigurations = (
				DB88E6872CFAE876002987F3 /* Debug */,
				DB88E6882CFAE876002987F3 /* Release */,
			);
			defaultConfigurationIsVisible = 0;
			defaultConfigurationName = Release;
		};
		DB88E6892CFAE876002987F3 /* Build configuration list for PBXNativeTarget "TodoSwiftUITests" */ = {
			isa = XCConfigurationList;
			buildConfigurations = (
				DB88E68A2CFAE876002987F3 /* Debug */,
				DB88E68B2CFAE876002987F3 /* Release */,
			);
			defaultConfigurationIsVisible = 0;
			defaultConfigurationName = Release;
		};
		DB88E68C2CFAE876002987F3 /* Build configuration list for PBXNativeTarget "TodoSwiftUIUITests" */ = {
			isa = XCConfigurationList;
			buildConfigurations = (
				DB88E68D2CFAE876002987F3 /* Debug */,
				DB88E68E2CFAE876002987F3 /* Release */,
			);
			defaultConfigurationIsVisible = 0;
			defaultConfigurationName = Release;
		};
/* End XCConfigurationList section */

/* Begin XCVersionGroup section */
		DB88E6952CFAF37E002987F3 /* Database.xcdatamodeld */ = {
			isa = XCVersionGroup;
			children = (
				DB88E6962CFAF37E002987F3 /* Database.xcdatamodel */,
			);
			currentVersion = DB88E6962CFAF37E002987F3 /* Database.xcdatamodel */;
			name = Database.xcdatamodeld;
			path = /Users/quangdev/Desktop/TodoSwiftUI/TodoSwiftUI/Database/Database.xcdatamodeld;
			sourceTree = "<group>";
			versionGroupType = wrapper.xcdatamodel;
		};
/* End XCVersionGroup section */
	};
	rootObject = DB88E65A2CFAE874002987F3 /* Project object */;
}
